
Microsoft Visual Studio Solution File, Format Version 12.00
# Visual Studio Version 17
VisualStudioVersion = 17.5.33502.453
MinimumVisualStudioVersion = 10.0.40219.1
Project("{FAE04EC0-301F-11D3-BF4B-00C04F79EFBC}") = "YoutubeTools", "YoutubeTools.csproj", "{914F271A-766F-42A5-97BF-522140F32492}"
EndProject
Global
	GlobalSection(SolutionConfigurationPlatforms) = preSolution
		Debug|Any CPU = Debug|Any CPU
		Release|Any CPU = Release|Any CPU
	EndGlobalSection
	GlobalSection(ProjectConfigurationPlatforms) = postSolution
		{914F271A-766F-42A5-97BF-522140F32492}.Debug|Any CPU.ActiveCfg = Debug|Any CPU
		{914F271A-766F-42A5-97BF-522140F32492}.Debug|Any CPU.Build.0 = Debug|Any CPU
		{914F271A-766F-42A5-97BF-522140F32492}.Release|Any CPU.ActiveCfg = Release|Any CPU
		{914F271A-766F-42A5-97BF-522140F32492}.Release|Any CPU.Build.0 = Release|Any CPU
	EndGlobalSection
	GlobalSection(SolutionProperties) = preSolution
		HideSolutionNode = FALSE
	EndGlobalSection
	GlobalSection(ExtensibilityGlobals) = postSolution
		SolutionGuid = {D746B025-7A2A-4B65-B628-CAFA2569102F}
	EndGlobalSection
EndGlobal
